
Microsoft Visual Studio Solution File, Format Version 12.00
# Visual Studio Version 17
VisualStudioVersion = 17.12.35209.166
MinimumVisualStudioVersion = 10.0.40219.1
Project("{FAE04EC0-301F-11D3-BF4B-00C04F79EFBC}") = "CodeLineStatistician", "CodeLineStatistician.csproj", "{BF03CBA4-8DA1-412C-90F3-D2B0BCF6E72C}"
EndProject
Global
	GlobalSection(SolutionConfigurationPlatforms) = preSolution
		Debug|Any CPU = Debug|Any CPU
		Debug|arm64 = Debug|arm64
		Debug|x86 = Debug|x86
		Release|Any CPU = Release|Any CPU
		Release|arm64 = Release|arm64
		Release|x86 = Release|x86
	EndGlobalSection
	GlobalSection(ProjectConfigurationPlatforms) = postSolution
		{BF03CBA4-8DA1-412C-90F3-D2B0BCF6E72C}.Debug|Any CPU.ActiveCfg = Debug|Any CPU
		{BF03CBA4-8DA1-412C-90F3-D2B0BCF6E72C}.Debug|Any CPU.Build.0 = Debug|Any CPU
		{BF03CBA4-8DA1-412C-90F3-D2B0BCF6E72C}.Debug|arm64.ActiveCfg = Debug|arm64
		{BF03CBA4-8DA1-412C-90F3-D2B0BCF6E72C}.Debug|arm64.Build.0 = Debug|arm64
		{BF03CBA4-8DA1-412C-90F3-D2B0BCF6E72C}.Debug|x86.ActiveCfg = Debug|x86
		{BF03CBA4-8DA1-412C-90F3-D2B0BCF6E72C}.Debug|x86.Build.0 = Debug|x86
		{BF03CBA4-8DA1-412C-90F3-D2B0BCF6E72C}.Release|Any CPU.ActiveCfg = Release|Any CPU
		{BF03CBA4-8DA1-412C-90F3-D2B0BCF6E72C}.Release|Any CPU.Build.0 = Release|Any CPU
		{BF03CBA4-8DA1-412C-90F3-D2B0BCF6E72C}.Release|arm64.ActiveCfg = Release|arm64
		{BF03CBA4-8DA1-412C-90F3-D2B0BCF6E72C}.Release|arm64.Build.0 = Release|arm64
		{BF03CBA4-8DA1-412C-90F3-D2B0BCF6E72C}.Release|x86.ActiveCfg = Release|x86
		{BF03CBA4-8DA1-412C-90F3-D2B0BCF6E72C}.Release|x86.Build.0 = Release|x86
	EndGlobalSection
	GlobalSection(SolutionProperties) = preSolution
		HideSolutionNode = FALSE
	EndGlobalSection
	GlobalSection(ExtensibilityGlobals) = postSolution
		SolutionGuid = {7BF27755-1BCA-4A8D-B420-D0D7F32F4C01}
	EndGlobalSection
EndGlobal
